PODS:
  - ARCL (1.3.0)
  - ConcentricProgressRingView (2.0.1):
    - LionheartExtensions
  - Google-Maps-iOS-Utils (4.1.0):
    - Google-Maps-iOS-Utils/Clustering (= 4.1.0)
    - Google-Maps-iOS-Utils/Geometry (= 4.1.0)
    - Google-Maps-iOS-Utils/GeometryUtils (= 4.1.0)
    - Google-Maps-iOS-Utils/Heatmap (= 4.1.0)
    - Google-Maps-iOS-Utils/QuadTree (= 4.1.0)
    - GoogleMaps
  - Google-Maps-iOS-Utils/Clustering (4.1.0):
    - Google-Maps-iOS-Utils/QuadTree
    - GoogleMaps
  - Google-Maps-iOS-Utils/Geometry (4.1.0):
    - GoogleMaps
  - Google-Maps-iOS-Utils/GeometryUtils (4.1.0):
    - GoogleMaps
  - Google-Maps-iOS-Utils/Heatmap (4.1.0):
    - Google-Maps-iOS-Utils/QuadTree
    - GoogleMaps
  - Google-Maps-iOS-Utils/QuadTree (4.1.0):
    - GoogleMaps
  - GoogleMaps (8.1.0):
    - GoogleMaps/Maps (= 8.1.0)
  - GoogleMaps/Base (8.1.0)
  - GoogleMaps/Maps (8.1.0):
    - GoogleMaps/Base
  - LionheartExtensions (5.1.1):
    - LionheartExtensions/Core (= 5.1.1)
  - LionheartExtensions/Core (5.1.1)
  - lottie-ios (4.2.0)

DEPENDENCIES:
  - ARCL
  - ConcentricProgressRingView
  - Google-Maps-iOS-Utils
  - GoogleMaps
  - lottie-ios

SPEC REPOS:
  trunk:
    - ARCL
    - ConcentricProgressRingView
    - Google-Maps-iOS-Utils
    - GoogleMaps
    - LionheartExtensions
    - lottie-ios

SPEC CHECKSUMS:
  ARCL: db48b6927d6f3f49f29568295ed91c94ab8d4aab
  ConcentricProgressRingView: 00a180e1eead909ffa4463a623220fe7aa2634cf
  Google-Maps-iOS-Utils: 3343332b18dfd5be8f1f44edd7d481ace3da4d9a
  GoogleMaps: 97300a4b89a3641563782c52228c4530f5fe0d89
  LionheartExtensions: a7095285260f2817776217efe7f46204f903a80d
  lottie-ios: 809ecf2d460ed650a6aed7aa88b2ec45fab4779c

PODFILE CHECKSUM: 74e143c07b4f1e16f45efd507e6d8b948e5fee3d

COCOAPODS: 1.12.1
